{
	"name": "typescript",
	"version": "1.0.0",
	"lockfileVersion": 2,
	"requires": true,
	"packages": {
		"": {
			"name": "typescript",
			"version": "1.0.0",
			"license": "ISC",
			"dependencies": {
				"@pepperi-addons/ngx-composite-lib": "^0.4.2-beta.1",
				"@pepperi-addons/papi-sdk": "^1.44.1",
				"@pepperi-addons/scripts": "^2.0.13"
			}
		},
		"node_modules/@angular-architects/module-federation": {
			"version": "14.3.14",
			"resolved": "https://registry.npmjs.org/@angular-architects/module-federation/-/module-federation-14.3.14.tgz",
			"integrity": "sha512-qV/GygoDRT80dbvGcFmHudR/ftu8/dURh4nWMLRViskZdJRFfSJ1pnZUmtmFaFUPL9NyS4APjQM1Shoxf+JWfg==",
			"peer": true,
			"dependencies": {
				"@angular-architects/module-federation-runtime": "14.3.14",
				"callsite": "^1.0.0",
				"node-fetch": "^2.6.7",
				"semver": "^7.3.5",
				"word-wrap": "^1.2.3"
			},
			"peerDependencies": {
				"@angular/common": ">=14.1.1",
				"@angular/core": ">=14.1.1",
				"@angular/platform-browser-dynamic": ">=14.1.1",
				"rxjs": ">=6.6.3"
			}
		},
		"node_modules/@angular-architects/module-federation-runtime": {
			"version": "14.3.14",
			"resolved": "https://registry.npmjs.org/@angular-architects/module-federation-runtime/-/module-federation-runtime-14.3.14.tgz",
			"integrity": "sha512-TSs8P7th5iRQ5NJCz0cC4/q5NBvmu2lVO1/P5mGR5+/L9WEs/ayaGWJriUpYuUiwwxxZ+xN0mUHUj07yLCvJBw==",
			"peer": true,
			"dependencies": {
				"tslib": "^2.0.0"
			},
			"peerDependencies": {
				"@angular/common": ">=14.0.0",
				"@angular/core": ">=14.0.0",
				"@angular/platform-browser-dynamic": ">=14.1.1"
			}
		},
		"node_modules/@angular-architects/module-federation-tools": {
			"version": "14.3.14",
			"resolved": "https://registry.npmjs.org/@angular-architects/module-federation-tools/-/module-federation-tools-14.3.14.tgz",
			"integrity": "sha512-C+4DSI5Y6YrkFgVb6sQJt46ojWUzfKlb4BPLWr3wGB8qauvIVxkDjr8t0RcC9A3/1ME4y8DBJzZD1TBf/76wuw==",
			"peer": true,
			"dependencies": {
				"tslib": "^2.0.0"
			},
			"peerDependencies": {
				"@angular-architects/module-federation": "^14.3.14",
				"@angular/common": ">=14.0.0",
				"@angular/core": ">=14.0.0",
				"@angular/platform-browser": ">=14.0.0",
				"@angular/router": ">=14.0.0",
				"rxjs": ">= 6.0.0"
			}
		},
		"node_modules/@angular/animations": {
			"version": "15.2.9",
			"resolved": "https://registry.npmjs.org/@angular/animations/-/animations-15.2.9.tgz",
			"integrity": "sha512-GQujLhI0cQFcl4Q8y0oSYKSRnW23GIeSL+Arl4eFufziJ9hGAAQNuesaNs/7i+9UlTHDMkPH3kd5ScXuYYz6wg==",
			"peer": true,
			"dependencies": {
				"tslib": "^2.3.0"
			},
			"engines": {
				"node": "^14.20.0 || ^16.13.0 || >=18.10.0"
			},
			"peerDependencies": {
				"@angular/core": "15.2.9"
			}
		},
		"node_modules/@angular/cdk": {
			"version": "14.2.7",
			"resolved": "https://registry.npmjs.org/@angular/cdk/-/cdk-14.2.7.tgz",
			"integrity": "sha512-/tEsYaUbDSnfEmKVvAMramIptmhI67O+9STjOV0i+74XR2NospeK0fkbywIANu1n3w6AHGMotvRWJrjmbCElFg==",
			"peer": true,
			"dependencies": {
				"tslib": "^2.3.0"
			},
			"optionalDependencies": {
				"parse5": "^5.0.0"
			},
			"peerDependencies": {
				"@angular/common": "^14.0.0 || ^15.0.0",
				"@angular/core": "^14.0.0 || ^15.0.0",
				"rxjs": "^6.5.3 || ^7.4.0"
			}
		},
		"node_modules/@angular/common": {
			"version": "15.2.9",
			"resolved": "https://registry.npmjs.org/@angular/common/-/common-15.2.9.tgz",
			"integrity": "sha512-LM9/UHG2dRrOzlu2KovrFwWIziFMjRxHzSP3Igw6Symw/wIl0kXGq8Fn6RpFP78zmLqnv+IQOoRiby9MCXsI4g==",
			"peer": true,
			"dependencies": {
				"tslib": "^2.3.0"
			},
			"engines": {
				"node": "^14.20.0 || ^16.13.0 || >=18.10.0"
			},
			"peerDependencies": {
				"@angular/core": "15.2.9",
				"rxjs": "^6.5.3 || ^7.4.0"
			}
		},
		"node_modules/@angular/compiler": {
			"version": "16.0.4",
			"resolved": "https://registry.npmjs.org/@angular/compiler/-/compiler-16.0.4.tgz",
			"integrity": "sha512-TTCuvkODBsbm6H1xleUQy60ITaUIdD/b2smm2OHlMw0QPJOfC75DG0uwIjsHA5KjZNlLyRBQKAxrc8cYhMpyoQ==",
			"peer": true,
			"dependencies": {
				"tslib": "^2.3.0"
			},
			"engines": {
				"node": "^16.14.0 || >=18.10.0"
			},
			"peerDependencies": {
				"@angular/core": "16.0.4"
			},
			"peerDependenciesMeta": {
				"@angular/core": {
					"optional": true
				}
			}
		},
		"node_modules/@angular/core": {
			"version": "16.0.4",
			"resolved": "https://registry.npmjs.org/@angular/core/-/core-16.0.4.tgz",
			"integrity": "sha512-Lp/qGJt0NFFTKQHofaMjCdGYfVwGCyhBtcbioaTqi1wA5OwXfMZX5MgHZXl1KlnZs1YVqM8vO/Z/4kOxgYXvNQ==",
			"peer": true,
			"dependencies": {
				"tslib": "^2.3.0"
			},
			"engines": {
				"node": "^16.14.0 || >=18.10.0"
			},
			"peerDependencies": {
				"rxjs": "^6.5.3 || ^7.4.0",
				"zone.js": "~0.13.0"
			}
		},
		"node_modules/@angular/elements": {
			"version": "16.0.4",
			"resolved": "https://registry.npmjs.org/@angular/elements/-/elements-16.0.4.tgz",
			"integrity": "sha512-unruGyPahCw4hfibEtLQIAsvAFOSLOCr7Z8g/MqcTZJ4YchRRsTW//YyvWKDMoVfRMuhk4d5NSQl3GajxbdF0A==",
			"peer": true,
			"dependencies": {
				"tslib": "^2.3.0"
			},
			"engines": {
				"node": "^16.14.0 || >=18.10.0"
			},
			"peerDependencies": {
				"@angular/core": "16.0.4",
				"rxjs": "^6.5.3 || ^7.4.0"
			}
		},
		"node_modules/@angular/forms": {
			"version": "15.2.9",
			"resolved": "https://registry.npmjs.org/@angular/forms/-/forms-15.2.9.tgz",
			"integrity": "sha512-sk0pC2EFi2Ohg5J0q0NYptbT+2WOkoiERSMYA39ncDvlSZBWsNlxpkbGUSck7NIxjK2QfcVN1ldGbHlZTFvtqg==",
			"peer": true,
			"dependencies": {
				"tslib": "^2.3.0"
			},
			"engines": {
				"node": "^14.20.0 || ^16.13.0 || >=18.10.0"
			},
			"peerDependencies": {
				"@angular/common": "15.2.9",
				"@angular/core": "15.2.9",
				"@angular/platform-browser": "15.2.9",
				"rxjs": "^6.5.3 || ^7.4.0"
			}
		},
		"node_modules/@angular/material": {
			"version": "14.2.7",
			"resolved": "https://registry.npmjs.org/@angular/material/-/material-14.2.7.tgz",
			"integrity": "sha512-WXHh8pEStpgkXZJmYOg2cI8BSHkV82ET4XTJCNPdveumaCn1UYnaNzsXD13kw5z+zmy8CufhFEzdXTrv/yt7KQ==",
			"peer": true,
			"dependencies": {
				"tslib": "^2.3.0"
			},
			"peerDependencies": {
				"@angular/animations": "^14.0.0 || ^15.0.0",
				"@angular/cdk": "14.2.7",
				"@angular/common": "^14.0.0 || ^15.0.0",
				"@angular/core": "^14.0.0 || ^15.0.0",
				"@angular/forms": "^14.0.0 || ^15.0.0",
				"@angular/platform-browser": "^14.0.0 || ^15.0.0",
				"rxjs": "^6.5.3 || ^7.4.0"
			}
		},
		"node_modules/@angular/platform-browser": {
			"version": "15.2.9",
			"resolved": "https://registry.npmjs.org/@angular/platform-browser/-/platform-browser-15.2.9.tgz",
			"integrity": "sha512-ufCHeSX+U6d43YOMkn3igwfqtlozoCXADcbyfUEG8m2y9XASobqmCKvdSk/zfl62oyiA8msntWBJVBE2l4xKXg==",
			"peer": true,
			"dependencies": {
				"tslib": "^2.3.0"
			},
			"engines": {
				"node": "^14.20.0 || ^16.13.0 || >=18.10.0"
			},
			"peerDependencies": {
				"@angular/animations": "15.2.9",
				"@angular/common": "15.2.9",
				"@angular/core": "15.2.9"
			},
			"peerDependenciesMeta": {
				"@angular/animations": {
					"optional": true
				}
			}
		},
		"node_modules/@angular/platform-browser-dynamic": {
			"version": "16.0.4",
			"resolved": "https://registry.npmjs.org/@angular/platform-browser-dynamic/-/platform-browser-dynamic-16.0.4.tgz",
			"integrity": "sha512-AsyC4tXW2ddIrVNZANqWocdtYP/xMq79ZeDSlQSfxuPt3wvqx+bFOGMDJva9fIW6yBz4forOUKdnpyH4M9aegg==",
			"peer": true,
			"dependencies": {
				"tslib": "^2.3.0"
			},
			"engines": {
				"node": "^16.14.0 || >=18.10.0"
			},
			"peerDependencies": {
				"@angular/common": "16.0.4",
				"@angular/compiler": "16.0.4",
				"@angular/core": "16.0.4",
				"@angular/platform-browser": "16.0.4"
			}
		},
		"node_modules/@angular/router": {
			"version": "16.0.4",
			"resolved": "https://registry.npmjs.org/@angular/router/-/router-16.0.4.tgz",
			"integrity": "sha512-RgmY/dH5IB3aEnulqWHWSJ9TlcdOe7ZXOu1Fztmm3hk9brXyX5OB7R9sLG77yrE0eGDhdBJjgkLjmWPfjXurOA==",
			"peer": true,
			"dependencies": {
				"tslib": "^2.3.0"
			},
			"engines": {
				"node": "^16.14.0 || >=18.10.0"
			},
			"peerDependencies": {
				"@angular/common": "16.0.4",
				"@angular/core": "16.0.4",
				"@angular/platform-browser": "16.0.4",
				"rxjs": "^6.5.3 || ^7.4.0"
			}
		},
		"node_modules/@ngx-translate/core": {
			"version": "14.0.0",
			"resolved": "https://registry.npmjs.org/@ngx-translate/core/-/core-14.0.0.tgz",
			"integrity": "sha512-UevdwNCXMRCdJv//0kC8h2eSfmi02r29xeE8E9gJ1Al4D4jEJ7eiLPdjslTMc21oJNGguqqWeEVjf64SFtvw2w==",
			"peer": true,
			"dependencies": {
				"tslib": "^2.3.0"
			},
			"peerDependencies": {
				"@angular/core": ">=13.0.0",
				"rxjs": "^6.5.3 || ^7.4.0"
			}
		},
		"node_modules/@ngx-translate/http-loader": {
			"version": "7.0.0",
			"resolved": "https://registry.npmjs.org/@ngx-translate/http-loader/-/http-loader-7.0.0.tgz",
			"integrity": "sha512-j+NpXXlcGVdyUNyY/qsJrqqeAdJdizCd+GKh3usXExSqy1aE9866jlAIL+xrfDU4w+LiMoma5pgE4emvFebZmA==",
			"peer": true,
			"dependencies": {
				"tslib": "^2.3.0"
			},
			"peerDependencies": {
				"@angular/common": ">=13.0.0",
				"@ngx-translate/core": ">=14.0.0",
				"rxjs": "^6.5.3 || ^7.4.0"
			}
		},
		"node_modules/@pepperi-addons/ngx-composite-lib": {
			"version": "0.4.2-beta.1",
			"resolved": "https://registry.npmjs.org/@pepperi-addons/ngx-composite-lib/-/ngx-composite-lib-0.4.2-beta.1.tgz",
			"integrity": "sha512-eUcuym0+GLjM3KbAOeH++svJWAFi9eGYl37s7dyjpK69hKnLYNuYRUUZ9Fox3gvy0O6V2EKFPRJaQc/gEtK8xw==",
			"dependencies": {
				"tslib": "^2.1.0"
			},
			"peerDependencies": {
				"@angular/animations": ">= 14.0.2",
				"@angular/cdk": ">= 14.0.2",
				"@angular/common": ">= 14.0.2",
				"@angular/compiler": ">= 14.0.2",
				"@angular/core": ">= 14.0.2",
				"@angular/forms": ">= 14.0.2",
				"@angular/material": "^14.0.2",
				"@angular/platform-browser": ">= 14.0.2",
				"@angular/platform-browser-dynamic": ">= 14.0.2",
				"@ngx-translate/core": ">= ^14.0.0",
				"@ngx-translate/http-loader": ">= ^7.0.0",
				"@pepperi-addons/ngx-lib": ">= ^0.4.2-beta.44",
				"ngx-translate-multi-http-loader": ">= ^3.0.0",
				"rxjs": ">= 6.5.5"
			}
		},
		"node_modules/@pepperi-addons/ngx-lib": {
			"version": "0.4.2-beta.63",
			"resolved": "https://registry.npmjs.org/@pepperi-addons/ngx-lib/-/ngx-lib-0.4.2-beta.63.tgz",
			"integrity": "sha512-GmUyzeQ5lvB94HF4FjItgb7XYSKedR9elizd/o9ObPw7n2yfBztY9CtIv3vHL8t7Dua7HtMkW4m5RMWXP5I08g==",
			"peer": true,
			"dependencies": {
				"tslib": "^2.3.0"
			},
			"peerDependencies": {
				"@angular-architects/module-federation": ">= ^14.3.8",
				"@angular-architects/module-federation-tools": ">= ^14.3.10",
				"@angular/animations": ">= 14.0.2",
				"@angular/cdk": ">= 14.0.2",
				"@angular/common": ">= 14.0.2",
				"@angular/compiler": ">= 14.0.2",
				"@angular/core": ">= 14.0.2",
				"@angular/elements": ">= 14.0.2",
				"@angular/forms": ">= 14.0.2",
				"@angular/material": ">= 14.0.2",
				"@angular/platform-browser": ">= 14.0.2",
				"@angular/platform-browser-dynamic": ">= 14.0.2",
				"@ngx-translate/core": ">= 14.0.0",
				"@ngx-translate/http-loader": ">= 7.0.0",
				"ngx-translate-multi-http-loader": ">= 3.0.0",
				"rxjs": ">= 7.5.0"
			}
		},
		"node_modules/@pepperi-addons/papi-sdk": {
			"version": "1.48.0",
			"resolved": "https://registry.npmjs.org/@pepperi-addons/papi-sdk/-/papi-sdk-1.48.0.tgz",
			"integrity": "sha512-z58X5fa4EtOg7ETcKadNnSxowFav+DFGsc8P1o5Wgmrbki4NHH6YP0uDhH4iCLlqSQkrWpytLo8O+3GAC49/QA==",
			"dependencies": {
				"node-fetch": "^2.6.0"
			}
		},
		"node_modules/@pepperi-addons/scripts": {
			"version": "2.0.13",
			"resolved": "https://registry.npmjs.org/@pepperi-addons/scripts/-/scripts-2.0.13.tgz",
			"integrity": "sha512-tnRkfCvsxe4b8zterwge/GOAr1WSYOvRcdeTVgTfCMBVWdOarEgHLge5LA9aLpMK1w+QtUJd1I/9KdScF0oeWg==",
			"dependencies": {
				"commander": "^5.1.0",
				"node-fetch": "^2.6.0",
				"semver": "^7.3.2",
				"uuid": "^8.1.0"
			},
			"bin": {
				"cpi-node-debug": "cpi-node-debug.js",
				"create-addon": "create.js",
				"publish-addon": "publish.js"
			}
		},
		"node_modules/callsite": {
			"version": "1.0.0",
			"resolved": "https://registry.npmjs.org/callsite/-/callsite-1.0.0.tgz",
			"integrity": "sha512-0vdNRFXn5q+dtOqjfFtmtlI9N2eVZ7LMyEV2iKC5mEEFvSg/69Ml6b/WU2qF8W1nLRa0wiSrDT3Y5jOHZCwKPQ==",
			"peer": true,
			"engines": {
				"node": "*"
			}
		},
		"node_modules/commander": {
			"version": "5.1.0",
			"resolved": "https://registry.npmjs.org/commander/-/commander-5.1.0.tgz",
			"integrity": "sha512-P0CysNDQ7rtVw4QIQtm+MRxV66vKFSvlsQvGYXZWR3qFU0jlMKHZZZgw8e+8DSah4UDKMqnknRDQz+xuQXQ/Zg==",
			"engines": {
				"node": ">= 6"
			}
		},
		"node_modules/deepmerge": {
			"version": "2.1.1",
			"resolved": "https://registry.npmjs.org/deepmerge/-/deepmerge-2.1.1.tgz",
			"integrity": "sha512-urQxA1smbLZ2cBbXbaYObM1dJ82aJ2H57A1C/Kklfh/ZN1bgH4G/n5KWhdNfOK11W98gqZfyYj7W4frJJRwA2w==",
			"peer": true,
			"engines": {
				"node": ">=0.10.0"
			}
		},
		"node_modules/lru-cache": {
			"version": "6.0.0",
			"resolved": "https://registry.npmjs.org/lru-cache/-/lru-cache-6.0.0.tgz",
			"integrity": "sha512-Jo6dJ04CmSjuznwJSS3pUeWmd/H0ffTlkXXgwZi+eq1UCmqQwCh+eLsYOYCwY991i2Fah4h1BEMCx4qThGbsiA==",
			"dependencies": {
				"yallist": "^4.0.0"
			},
			"engines": {
				"node": ">=10"
			}
		},
		"node_modules/ngx-translate-multi-http-loader": {
			"version": "3.0.0",
			"resolved": "https://registry.npmjs.org/ngx-translate-multi-http-loader/-/ngx-translate-multi-http-loader-3.0.0.tgz",
			"integrity": "sha512-tN9a97sdXkqGZIeQhnl14l+7+xFwqpYMTkbrW7K/1f16q3+OFC++1uPfrKs7rACQ7ZBmTJ86JB729PTUIVi3xA==",
			"peer": true,
			"dependencies": {
				"deepmerge": "2.1.1",
				"tslib": "^1.9.0"
			},
			"peerDependencies": {
				"@angular/common": ">=6.0.0",
				"@ngx-translate/core": ">=10.0.0",
				"rxjs": ">=6.0.0"
			}
		},
		"node_modules/ngx-translate-multi-http-loader/node_modules/tslib": {
			"version": "1.14.1",
			"resolved": "https://registry.npmjs.org/tslib/-/tslib-1.14.1.tgz",
			"integrity": "sha512-Xni35NKzjgMrwevysHTCArtLDpPvye8zV/0E4EyYn43P7/7qvQwPh9BGkHewbMulVntbigmcT7rdX3BNo9wRJg==",
			"peer": true
		},
		"node_modules/node-fetch": {
			"version": "2.6.11",
			"resolved": "https://registry.npmjs.org/node-fetch/-/node-fetch-2.6.11.tgz",
			"integrity": "sha512-4I6pdBY1EthSqDmJkiNk3JIT8cswwR9nfeW/cPdUagJYEQG7R95WRH74wpz7ma8Gh/9dI9FP+OU+0E4FvtA55w==",
			"dependencies": {
				"whatwg-url": "^5.0.0"
			},
			"engines": {
				"node": "4.x || >=6.0.0"
			},
			"peerDependencies": {
				"encoding": "^0.1.0"
			},
			"peerDependenciesMeta": {
				"encoding": {
					"optional": true
				}
			}
		},
		"node_modules/parse5": {
			"version": "5.1.1",
			"resolved": "https://registry.npmjs.org/parse5/-/parse5-5.1.1.tgz",
			"integrity": "sha512-ugq4DFI0Ptb+WWjAdOK16+u/nHfiIrcE+sh8kZMaM0WllQKLI9rOUq6c2b7cwPkXdzfQESqvoqK6ug7U/Yyzug==",
			"optional": true,
			"peer": true
		},
		"node_modules/rxjs": {
			"version": "7.8.1",
			"resolved": "https://registry.npmjs.org/rxjs/-/rxjs-7.8.1.tgz",
			"integrity": "sha512-AA3TVj+0A2iuIoQkWEK/tqFjBq2j+6PO6Y0zJcvzLAFhEFIO3HL0vls9hWLncZbAAbK0mar7oZ4V079I/qPMxg==",
			"peer": true,
			"dependencies": {
				"tslib": "^2.1.0"
			}
		},
		"node_modules/semver": {
			"version": "7.5.0",
			"resolved": "https://registry.npmjs.org/semver/-/semver-7.5.0.tgz",
			"integrity": "sha512-+XC0AD/R7Q2mPSRuy2Id0+CGTZ98+8f+KvwirxOKIEyid+XSx6HbC63p+O4IndTHuX5Z+JxQ0TghCkO5Cg/2HA==",
			"dependencies": {
				"lru-cache": "^6.0.0"
			},
			"bin": {
				"semver": "bin/semver.js"
			},
			"engines": {
				"node": ">=10"
			}
		},
		"node_modules/tr46": {
			"version": "0.0.3",
			"resolved": "https://registry.npmjs.org/tr46/-/tr46-0.0.3.tgz",
			"integrity": "sha512-N3WMsuqV66lT30CrXNbEjx4GEwlow3v6rr4mCcv6prnfwhS01rkgyFdjPNBYd9br7LpXV1+Emh01fHnq2Gdgrw=="
		},
		"node_modules/tslib": {
			"version": "2.5.3",
			"resolved": "https://registry.npmjs.org/tslib/-/tslib-2.5.3.tgz",
			"integrity": "sha512-mSxlJJwl3BMEQCUNnxXBU9jP4JBktcEGhURcPR6VQVlnP0FdDEsIaz0C35dXNGLyRfrATNofF0F5p2KPxQgB+w=="
		},
		"node_modules/uuid": {
			"version": "8.3.2",
			"resolved": "https://registry.npmjs.org/uuid/-/uuid-8.3.2.tgz",
			"integrity": "sha512-+NYs2QeMWy+GWFOEm9xnn6HCDp0l7QBD7ml8zLUmJ+93Q5NF0NocErnwkTkXVFNiX3/fpC6afS8Dhb/gz7R7eg==",
			"bin": {
				"uuid": "dist/bin/uuid"
			}
		},
		"node_modules/webidl-conversions": {
			"version": "3.0.1",
			"resolved": "https://registry.npmjs.org/webidl-conversions/-/webidl-conversions-3.0.1.tgz",
			"integrity": "sha512-2JAn3z8AR6rjK8Sm8orRC0h/bcl/DqL7tRPdGZ4I1CjdF+EaMLmYxBHyXuKL849eucPFhvBoxMsflfOb8kxaeQ=="
		},
		"node_modules/whatwg-url": {
			"version": "5.0.0",
			"resolved": "https://registry.npmjs.org/whatwg-url/-/whatwg-url-5.0.0.tgz",
			"integrity": "sha512-saE57nupxk6v3HY35+jzBwYa0rKSy0XR8JSxZPwgLr7ys0IBzhGviA1/TUGJLmSVqs8pb9AnvICXEuOHLprYTw==",
			"dependencies": {
				"tr46": "~0.0.3",
				"webidl-conversions": "^3.0.0"
			}
		},
		"node_modules/word-wrap": {
			"version": "1.2.3",
			"resolved": "https://registry.npmjs.org/word-wrap/-/word-wrap-1.2.3.tgz",
			"integrity": "sha512-Hz/mrNwitNRh/HUAtM/VT/5VH+ygD6DV7mYKZAtHOrbs8U7lvPS6xf7EJKMF0uW1KJCl0H701g3ZGus+muE5vQ==",
			"peer": true,
			"engines": {
				"node": ">=0.10.0"
			}
		},
		"node_modules/yallist": {
			"version": "4.0.0",
			"resolved": "https://registry.npmjs.org/yallist/-/yallist-4.0.0.tgz",
			"integrity": "sha512-3wdGidZyq5PB084XLES5TpOSRA3wjXAlIWMhum2kRcv/41Sn2emQ0dycQW4uZXLejwKvg6EsvbdlVL+FYEct7A=="
		},
		"node_modules/zone.js": {
			"version": "0.13.0",
			"resolved": "https://registry.npmjs.org/zone.js/-/zone.js-0.13.0.tgz",
			"integrity": "sha512-7m3hNNyswsdoDobCkYNAy5WiUulkMd3+fWaGT9ij6iq3Zr/IwJo4RMCYPSDjT+r7tnPErmY9sZpKhWQ8S5k6XQ==",
			"peer": true,
			"dependencies": {
				"tslib": "^2.3.0"
			}
		}
	},
	"dependencies": {
		"@angular-architects/module-federation": {
			"version": "14.3.14",
			"resolved": "https://registry.npmjs.org/@angular-architects/module-federation/-/module-federation-14.3.14.tgz",
			"integrity": "sha512-qV/GygoDRT80dbvGcFmHudR/ftu8/dURh4nWMLRViskZdJRFfSJ1pnZUmtmFaFUPL9NyS4APjQM1Shoxf+JWfg==",
			"peer": true,
			"requires": {
				"@angular-architects/module-federation-runtime": "14.3.14",
				"callsite": "^1.0.0",
				"node-fetch": "^2.6.7",
				"semver": "^7.3.5",
				"word-wrap": "^1.2.3"
			}
		},
		"@angular-architects/module-federation-runtime": {
			"version": "14.3.14",
			"resolved": "https://registry.npmjs.org/@angular-architects/module-federation-runtime/-/module-federation-runtime-14.3.14.tgz",
			"integrity": "sha512-TSs8P7th5iRQ5NJCz0cC4/q5NBvmu2lVO1/P5mGR5+/L9WEs/ayaGWJriUpYuUiwwxxZ+xN0mUHUj07yLCvJBw==",
			"peer": true,
			"requires": {
				"tslib": "^2.0.0"
			}
		},
		"@angular-architects/module-federation-tools": {
			"version": "14.3.14",
			"resolved": "https://registry.npmjs.org/@angular-architects/module-federation-tools/-/module-federation-tools-14.3.14.tgz",
			"integrity": "sha512-C+4DSI5Y6YrkFgVb6sQJt46ojWUzfKlb4BPLWr3wGB8qauvIVxkDjr8t0RcC9A3/1ME4y8DBJzZD1TBf/76wuw==",
			"peer": true,
			"requires": {
				"tslib": "^2.0.0"
			}
		},
		"@angular/animations": {
			"version": "15.2.9",
			"resolved": "https://registry.npmjs.org/@angular/animations/-/animations-15.2.9.tgz",
			"integrity": "sha512-GQujLhI0cQFcl4Q8y0oSYKSRnW23GIeSL+Arl4eFufziJ9hGAAQNuesaNs/7i+9UlTHDMkPH3kd5ScXuYYz6wg==",
			"peer": true,
			"requires": {
				"tslib": "^2.3.0"
			}
		},
		"@angular/cdk": {
			"version": "14.2.7",
			"resolved": "https://registry.npmjs.org/@angular/cdk/-/cdk-14.2.7.tgz",
			"integrity": "sha512-/tEsYaUbDSnfEmKVvAMramIptmhI67O+9STjOV0i+74XR2NospeK0fkbywIANu1n3w6AHGMotvRWJrjmbCElFg==",
			"peer": true,
			"requires": {
				"parse5": "^5.0.0",
				"tslib": "^2.3.0"
			}
		},
		"@angular/common": {
			"version": "15.2.9",
			"resolved": "https://registry.npmjs.org/@angular/common/-/common-15.2.9.tgz",
			"integrity": "sha512-LM9/UHG2dRrOzlu2KovrFwWIziFMjRxHzSP3Igw6Symw/wIl0kXGq8Fn6RpFP78zmLqnv+IQOoRiby9MCXsI4g==",
			"peer": true,
			"requires": {
				"tslib": "^2.3.0"
			}
		},
		"@angular/compiler": {
			"version": "16.0.4",
			"resolved": "https://registry.npmjs.org/@angular/compiler/-/compiler-16.0.4.tgz",
			"integrity": "sha512-TTCuvkODBsbm6H1xleUQy60ITaUIdD/b2smm2OHlMw0QPJOfC75DG0uwIjsHA5KjZNlLyRBQKAxrc8cYhMpyoQ==",
			"peer": true,
			"requires": {
				"tslib": "^2.3.0"
			}
		},
		"@angular/core": {
			"version": "16.0.4",
			"resolved": "https://registry.npmjs.org/@angular/core/-/core-16.0.4.tgz",
			"integrity": "sha512-Lp/qGJt0NFFTKQHofaMjCdGYfVwGCyhBtcbioaTqi1wA5OwXfMZX5MgHZXl1KlnZs1YVqM8vO/Z/4kOxgYXvNQ==",
			"peer": true,
			"requires": {
				"tslib": "^2.3.0"
			}
		},
		"@angular/elements": {
			"version": "16.0.4",
			"resolved": "https://registry.npmjs.org/@angular/elements/-/elements-16.0.4.tgz",
			"integrity": "sha512-unruGyPahCw4hfibEtLQIAsvAFOSLOCr7Z8g/MqcTZJ4YchRRsTW//YyvWKDMoVfRMuhk4d5NSQl3GajxbdF0A==",
			"peer": true,
			"requires": {
				"tslib": "^2.3.0"
			}
		},
		"@angular/forms": {
			"version": "15.2.9",
			"resolved": "https://registry.npmjs.org/@angular/forms/-/forms-15.2.9.tgz",
			"integrity": "sha512-sk0pC2EFi2Ohg5J0q0NYptbT+2WOkoiERSMYA39ncDvlSZBWsNlxpkbGUSck7NIxjK2QfcVN1ldGbHlZTFvtqg==",
			"peer": true,
			"requires": {
				"tslib": "^2.3.0"
			}
		},
		"@angular/material": {
			"version": "14.2.7",
			"resolved": "https://registry.npmjs.org/@angular/material/-/material-14.2.7.tgz",
			"integrity": "sha512-WXHh8pEStpgkXZJmYOg2cI8BSHkV82ET4XTJCNPdveumaCn1UYnaNzsXD13kw5z+zmy8CufhFEzdXTrv/yt7KQ==",
			"peer": true,
			"requires": {
				"tslib": "^2.3.0"
			}
		},
		"@angular/platform-browser": {
			"version": "15.2.9",
			"resolved": "https://registry.npmjs.org/@angular/platform-browser/-/platform-browser-15.2.9.tgz",
			"integrity": "sha512-ufCHeSX+U6d43YOMkn3igwfqtlozoCXADcbyfUEG8m2y9XASobqmCKvdSk/zfl62oyiA8msntWBJVBE2l4xKXg==",
			"peer": true,
			"requires": {
				"tslib": "^2.3.0"
			}
		},
		"@angular/platform-browser-dynamic": {
			"version": "16.0.4",
			"resolved": "https://registry.npmjs.org/@angular/platform-browser-dynamic/-/platform-browser-dynamic-16.0.4.tgz",
			"integrity": "sha512-AsyC4tXW2ddIrVNZANqWocdtYP/xMq79ZeDSlQSfxuPt3wvqx+bFOGMDJva9fIW6yBz4forOUKdnpyH4M9aegg==",
			"peer": true,
			"requires": {
				"tslib": "^2.3.0"
			}
		},
		"@angular/router": {
			"version": "16.0.4",
			"resolved": "https://registry.npmjs.org/@angular/router/-/router-16.0.4.tgz",
			"integrity": "sha512-RgmY/dH5IB3aEnulqWHWSJ9TlcdOe7ZXOu1Fztmm3hk9brXyX5OB7R9sLG77yrE0eGDhdBJjgkLjmWPfjXurOA==",
			"peer": true,
			"requires": {
				"tslib": "^2.3.0"
			}
		},
		"@ngx-translate/core": {
			"version": "14.0.0",
			"resolved": "https://registry.npmjs.org/@ngx-translate/core/-/core-14.0.0.tgz",
			"integrity": "sha512-UevdwNCXMRCdJv//0kC8h2eSfmi02r29xeE8E9gJ1Al4D4jEJ7eiLPdjslTMc21oJNGguqqWeEVjf64SFtvw2w==",
			"peer": true,
			"requires": {
				"tslib": "^2.3.0"
			}
		},
		"@ngx-translate/http-loader": {
			"version": "7.0.0",
			"resolved": "https://registry.npmjs.org/@ngx-translate/http-loader/-/http-loader-7.0.0.tgz",
			"integrity": "sha512-j+NpXXlcGVdyUNyY/qsJrqqeAdJdizCd+GKh3usXExSqy1aE9866jlAIL+xrfDU4w+LiMoma5pgE4emvFebZmA==",
			"peer": true,
			"requires": {
				"tslib": "^2.3.0"
			}
		},
		"@pepperi-addons/ngx-composite-lib": {
			"version": "0.4.2-beta.1",
			"resolved": "https://registry.npmjs.org/@pepperi-addons/ngx-composite-lib/-/ngx-composite-lib-0.4.2-beta.1.tgz",
			"integrity": "sha512-eUcuym0+GLjM3KbAOeH++svJWAFi9eGYl37s7dyjpK69hKnLYNuYRUUZ9Fox3gvy0O6V2EKFPRJaQc/gEtK8xw==",
			"requires": {
				"tslib": "^2.1.0"
			}
		},
		"@pepperi-addons/ngx-lib": {
			"version": "0.4.2-beta.63",
			"resolved": "https://registry.npmjs.org/@pepperi-addons/ngx-lib/-/ngx-lib-0.4.2-beta.63.tgz",
			"integrity": "sha512-GmUyzeQ5lvB94HF4FjItgb7XYSKedR9elizd/o9ObPw7n2yfBztY9CtIv3vHL8t7Dua7HtMkW4m5RMWXP5I08g==",
			"peer": true,
			"requires": {
				"tslib": "^2.3.0"
			}
		},
		"@pepperi-addons/papi-sdk": {
			"version": "1.48.0",
			"resolved": "https://registry.npmjs.org/@pepperi-addons/papi-sdk/-/papi-sdk-1.48.0.tgz",
			"integrity": "sha512-z58X5fa4EtOg7ETcKadNnSxowFav+DFGsc8P1o5Wgmrbki4NHH6YP0uDhH4iCLlqSQkrWpytLo8O+3GAC49/QA==",
			"requires": {
				"node-fetch": "^2.6.0"
			}
		},
		"@pepperi-addons/scripts": {
			"version": "2.0.13",
			"resolved": "https://registry.npmjs.org/@pepperi-addons/scripts/-/scripts-2.0.13.tgz",
			"integrity": "sha512-tnRkfCvsxe4b8zterwge/GOAr1WSYOvRcdeTVgTfCMBVWdOarEgHLge5LA9aLpMK1w+QtUJd1I/9KdScF0oeWg==",
			"requires": {
				"commander": "^5.1.0",
				"node-fetch": "^2.6.0",
				"semver": "^7.3.2",
				"uuid": "^8.1.0"
			}
		},
		"callsite": {
			"version": "1.0.0",
			"resolved": "https://registry.npmjs.org/callsite/-/callsite-1.0.0.tgz",
			"integrity": "sha512-0vdNRFXn5q+dtOqjfFtmtlI9N2eVZ7LMyEV2iKC5mEEFvSg/69Ml6b/WU2qF8W1nLRa0wiSrDT3Y5jOHZCwKPQ==",
			"peer": true
		},
		"commander": {
			"version": "5.1.0",
			"resolved": "https://registry.npmjs.org/commander/-/commander-5.1.0.tgz",
			"integrity": "sha512-P0CysNDQ7rtVw4QIQtm+MRxV66vKFSvlsQvGYXZWR3qFU0jlMKHZZZgw8e+8DSah4UDKMqnknRDQz+xuQXQ/Zg=="
		},
		"deepmerge": {
			"version": "2.1.1",
			"resolved": "https://registry.npmjs.org/deepmerge/-/deepmerge-2.1.1.tgz",
			"integrity": "sha512-urQxA1smbLZ2cBbXbaYObM1dJ82aJ2H57A1C/Kklfh/ZN1bgH4G/n5KWhdNfOK11W98gqZfyYj7W4frJJRwA2w==",
			"peer": true
		},
		"lru-cache": {
			"version": "6.0.0",
			"resolved": "https://registry.npmjs.org/lru-cache/-/lru-cache-6.0.0.tgz",
			"integrity": "sha512-Jo6dJ04CmSjuznwJSS3pUeWmd/H0ffTlkXXgwZi+eq1UCmqQwCh+eLsYOYCwY991i2Fah4h1BEMCx4qThGbsiA==",
			"requires": {
				"yallist": "^4.0.0"
			}
		},
		"ngx-translate-multi-http-loader": {
			"version": "3.0.0",
			"resolved": "https://registry.npmjs.org/ngx-translate-multi-http-loader/-/ngx-translate-multi-http-loader-3.0.0.tgz",
			"integrity": "sha512-tN9a97sdXkqGZIeQhnl14l+7+xFwqpYMTkbrW7K/1f16q3+OFC++1uPfrKs7rACQ7ZBmTJ86JB729PTUIVi3xA==",
			"peer": true,
			"requires": {
				"deepmerge": "2.1.1",
				"tslib": "^1.9.0"
			},
			"dependencies": {
				"tslib": {
					"version": "1.14.1",
					"resolved": "https://registry.npmjs.org/tslib/-/tslib-1.14.1.tgz",
					"integrity": "sha512-Xni35NKzjgMrwevysHTCArtLDpPvye8zV/0E4EyYn43P7/7qvQwPh9BGkHewbMulVntbigmcT7rdX3BNo9wRJg==",
					"peer": true
				}
			}
		},
		"node-fetch": {
			"version": "2.6.11",
			"resolved": "https://registry.npmjs.org/node-fetch/-/node-fetch-2.6.11.tgz",
			"integrity": "sha512-4I6pdBY1EthSqDmJkiNk3JIT8cswwR9nfeW/cPdUagJYEQG7R95WRH74wpz7ma8Gh/9dI9FP+OU+0E4FvtA55w==",
			"requires": {
				"whatwg-url": "^5.0.0"
			}
		},
		"parse5": {
			"version": "5.1.1",
			"resolved": "https://registry.npmjs.org/parse5/-/parse5-5.1.1.tgz",
			"integrity": "sha512-ugq4DFI0Ptb+WWjAdOK16+u/nHfiIrcE+sh8kZMaM0WllQKLI9rOUq6c2b7cwPkXdzfQESqvoqK6ug7U/Yyzug==",
			"optional": true,
			"peer": true
		},
		"rxjs": {
			"version": "7.8.1",
			"resolved": "https://registry.npmjs.org/rxjs/-/rxjs-7.8.1.tgz",
			"integrity": "sha512-AA3TVj+0A2iuIoQkWEK/tqFjBq2j+6PO6Y0zJcvzLAFhEFIO3HL0vls9hWLncZbAAbK0mar7oZ4V079I/qPMxg==",
			"peer": true,
			"requires": {
				"tslib": "^2.1.0"
			}
		},
		"semver": {
			"version": "7.5.0",
			"resolved": "https://registry.npmjs.org/semver/-/semver-7.5.0.tgz",
			"integrity": "sha512-+XC0AD/R7Q2mPSRuy2Id0+CGTZ98+8f+KvwirxOKIEyid+XSx6HbC63p+O4IndTHuX5Z+JxQ0TghCkO5Cg/2HA==",
			"requires": {
				"lru-cache": "^6.0.0"
			}
		},
		"tr46": {
			"version": "0.0.3",
			"resolved": "https://registry.npmjs.org/tr46/-/tr46-0.0.3.tgz",
			"integrity": "sha512-N3WMsuqV66lT30CrXNbEjx4GEwlow3v6rr4mCcv6prnfwhS01rkgyFdjPNBYd9br7LpXV1+Emh01fHnq2Gdgrw=="
		},
		"tslib": {
			"version": "2.5.3",
			"resolved": "https://registry.npmjs.org/tslib/-/tslib-2.5.3.tgz",
			"integrity": "sha512-mSxlJJwl3BMEQCUNnxXBU9jP4JBktcEGhURcPR6VQVlnP0FdDEsIaz0C35dXNGLyRfrATNofF0F5p2KPxQgB+w=="
		},
		"uuid": {
			"version": "8.3.2",
			"resolved": "https://registry.npmjs.org/uuid/-/uuid-8.3.2.tgz",
			"integrity": "sha512-+NYs2QeMWy+GWFOEm9xnn6HCDp0l7QBD7ml8zLUmJ+93Q5NF0NocErnwkTkXVFNiX3/fpC6afS8Dhb/gz7R7eg=="
		},
		"webidl-conversions": {
			"version": "3.0.1",
			"resolved": "https://registry.npmjs.org/webidl-conversions/-/webidl-conversions-3.0.1.tgz",
			"integrity": "sha512-2JAn3z8AR6rjK8Sm8orRC0h/bcl/DqL7tRPdGZ4I1CjdF+EaMLmYxBHyXuKL849eucPFhvBoxMsflfOb8kxaeQ=="
		},
		"whatwg-url": {
			"version": "5.0.0",
			"resolved": "https://registry.npmjs.org/whatwg-url/-/whatwg-url-5.0.0.tgz",
			"integrity": "sha512-saE57nupxk6v3HY35+jzBwYa0rKSy0XR8JSxZPwgLr7ys0IBzhGviA1/TUGJLmSVqs8pb9AnvICXEuOHLprYTw==",
			"requires": {
				"tr46": "~0.0.3",
				"webidl-conversions": "^3.0.0"
			}
		},
		"word-wrap": {
			"version": "1.2.3",
			"resolved": "https://registry.npmjs.org/word-wrap/-/word-wrap-1.2.3.tgz",
			"integrity": "sha512-Hz/mrNwitNRh/HUAtM/VT/5VH+ygD6DV7mYKZAtHOrbs8U7lvPS6xf7EJKMF0uW1KJCl0H701g3ZGus+muE5vQ==",
			"peer": true
		},
		"yallist": {
			"version": "4.0.0",
			"resolved": "https://registry.npmjs.org/yallist/-/yallist-4.0.0.tgz",
			"integrity": "sha512-3wdGidZyq5PB084XLES5TpOSRA3wjXAlIWMhum2kRcv/41Sn2emQ0dycQW4uZXLejwKvg6EsvbdlVL+FYEct7A=="
		},
		"zone.js": {
			"version": "0.13.0",
			"resolved": "https://registry.npmjs.org/zone.js/-/zone.js-0.13.0.tgz",
			"integrity": "sha512-7m3hNNyswsdoDobCkYNAy5WiUulkMd3+fWaGT9ij6iq3Zr/IwJo4RMCYPSDjT+r7tnPErmY9sZpKhWQ8S5k6XQ==",
			"peer": true,
			"requires": {
				"tslib": "^2.3.0"
			}
		}
	}
}
